<?xml version="1.0" encoding="utf-8"?>
<Project ToolsVersion="4.0" xmlns="http://schemas.microsoft.com/developer/msbuild/2003">
  <ItemGroup>
    <Filter Include="Source Files">
      <UniqueIdentifier>{b0f21db8-9f90-43b0-9f3c-b91327a43f2d}</UniqueIdentifier>
    </Filter>
    <Filter Include="Generated Files">
      <UniqueIdentifier>{72a15222-dc9b-4310-8d6c-f577365e4a5f}</UniqueIdentifier>
      <SourceControlFiles>False</SourceControlFiles>
    </Filter>
  </ItemGroup>
  <ItemGroup>
    <None Include="COM.C++ps.def" />
  </ItemGroup>
  <ItemGroup>
    <ClCompile Include="COMC_i.c">
      <Filter>Generated Files</Filter>
    </ClCompile>
    <ClCompile Include="COMC_p.c">
      <Filter>Generated Files</Filter>
    </ClCompile>
    <ClCompile Include="dlldata.c">
      <Filter>Generated Files</Filter>
    </ClCompile>
  </ItemGroup>
</Project>